
Microsoft Visual Studio Solution File, Format Version 12.00
Project("{2150E333-8FDC-42A3-9474-1A3956D46DE8}") = ".meta", ".meta", "{30264F95-2484-4A27-B341-37C487C8D13E}"
	ProjectSection(SolutionItems) = preProject
		README.md = README.md
		global.json = global.json
		LICENSE = LICENSE
	EndProjectSection
EndProject
Project("{2150E333-8FDC-42A3-9474-1A3956D46DE8}") = "examples", "examples", "{49B5E4DC-B7D0-45F5-86AF-35BDADDB88C7}"
EndProject
Project("{2150E333-8FDC-42A3-9474-1A3956D46DE8}") = "src", "src", "{911DFB2B-9BAB-4D2E-81BF-6E5523001132}"
EndProject
Project("{FAE04EC0-301F-11D3-BF4B-00C04F79EFBC}") = "Akka.OpenTelemetry", "src\Akka.OpenTelemetry\Akka.OpenTelemetry.csproj", "{28167012-2BEA-4D11-A8B1-379B77965773}"
EndProject
Project("{FAE04EC0-301F-11D3-BF4B-00C04F79EFBC}") = "HelloWorld", "examples\HelloWorld\HelloWorld.csproj", "{6E2D135F-B9BC-4866-A730-4E17B7A72488}"
EndProject
Project("{2150E333-8FDC-42A3-9474-1A3956D46DE8}") = "Chat", "Chat", "{2AE8485E-CF90-48BC-B749-609A8D88D18D}"
EndProject
Project("{FAE04EC0-301F-11D3-BF4B-00C04F79EFBC}") = "ChatMessages", "examples\Chat\ChatMessages\ChatMessages.csproj", "{0FBE0876-A293-4562-BEC8-F897F432D960}"
EndProject
Project("{FAE04EC0-301F-11D3-BF4B-00C04F79EFBC}") = "ChatServer", "examples\Chat\ChatServer\ChatServer.csproj", "{52B24FE0-8891-4570-A025-64769F078B3D}"
EndProject
Project("{FAE04EC0-301F-11D3-BF4B-00C04F79EFBC}") = "ChatClient", "examples\Chat\ChatClient\ChatClient.csproj", "{9AB0AD9A-FE78-486E-9733-C6453D0F9552}"
EndProject
Global
	GlobalSection(SolutionConfigurationPlatforms) = preSolution
		Debug|Any CPU = Debug|Any CPU
		Release|Any CPU = Release|Any CPU
	EndGlobalSection
	GlobalSection(ProjectConfigurationPlatforms) = postSolution
		{28167012-2BEA-4D11-A8B1-379B77965773}.Debug|Any CPU.ActiveCfg = Debug|Any CPU
		{28167012-2BEA-4D11-A8B1-379B77965773}.Debug|Any CPU.Build.0 = Debug|Any CPU
		{28167012-2BEA-4D11-A8B1-379B77965773}.Release|Any CPU.ActiveCfg = Release|Any CPU
		{28167012-2BEA-4D11-A8B1-379B77965773}.Release|Any CPU.Build.0 = Release|Any CPU
		{6E2D135F-B9BC-4866-A730-4E17B7A72488}.Debug|Any CPU.ActiveCfg = Debug|Any CPU
		{6E2D135F-B9BC-4866-A730-4E17B7A72488}.Debug|Any CPU.Build.0 = Debug|Any CPU
		{6E2D135F-B9BC-4866-A730-4E17B7A72488}.Release|Any CPU.ActiveCfg = Release|Any CPU
		{6E2D135F-B9BC-4866-A730-4E17B7A72488}.Release|Any CPU.Build.0 = Release|Any CPU
		{0FBE0876-A293-4562-BEC8-F897F432D960}.Debug|Any CPU.ActiveCfg = Debug|Any CPU
		{0FBE0876-A293-4562-BEC8-F897F432D960}.Debug|Any CPU.Build.0 = Debug|Any CPU
		{0FBE0876-A293-4562-BEC8-F897F432D960}.Release|Any CPU.ActiveCfg = Release|Any CPU
		{0FBE0876-A293-4562-BEC8-F897F432D960}.Release|Any CPU.Build.0 = Release|Any CPU
		{52B24FE0-8891-4570-A025-64769F078B3D}.Debug|Any CPU.ActiveCfg = Debug|Any CPU
		{52B24FE0-8891-4570-A025-64769F078B3D}.Debug|Any CPU.Build.0 = Debug|Any CPU
		{52B24FE0-8891-4570-A025-64769F078B3D}.Release|Any CPU.ActiveCfg = Release|Any CPU
		{52B24FE0-8891-4570-A025-64769F078B3D}.Release|Any CPU.Build.0 = Release|Any CPU
		{9AB0AD9A-FE78-486E-9733-C6453D0F9552}.Debug|Any CPU.ActiveCfg = Debug|Any CPU
		{9AB0AD9A-FE78-486E-9733-C6453D0F9552}.Debug|Any CPU.Build.0 = Debug|Any CPU
		{9AB0AD9A-FE78-486E-9733-C6453D0F9552}.Release|Any CPU.ActiveCfg = Release|Any CPU
		{9AB0AD9A-FE78-486E-9733-C6453D0F9552}.Release|Any CPU.Build.0 = Release|Any CPU
	EndGlobalSection
	GlobalSection(NestedProjects) = preSolution
		{28167012-2BEA-4D11-A8B1-379B77965773} = {911DFB2B-9BAB-4D2E-81BF-6E5523001132}
		{6E2D135F-B9BC-4866-A730-4E17B7A72488} = {49B5E4DC-B7D0-45F5-86AF-35BDADDB88C7}
		{2AE8485E-CF90-48BC-B749-609A8D88D18D} = {49B5E4DC-B7D0-45F5-86AF-35BDADDB88C7}
		{0FBE0876-A293-4562-BEC8-F897F432D960} = {2AE8485E-CF90-48BC-B749-609A8D88D18D}
		{52B24FE0-8891-4570-A025-64769F078B3D} = {2AE8485E-CF90-48BC-B749-609A8D88D18D}
		{9AB0AD9A-FE78-486E-9733-C6453D0F9552} = {2AE8485E-CF90-48BC-B749-609A8D88D18D}
	EndGlobalSection
EndGlobal
